// !$*UTF8*$!
{
	archiveVersion = 1;
	classes = {
	};
	objectVersion = 46;
	objects = {

/* Begin PBXBuildFile section */
		7721C55818AEFA4200DA4846 /* Foundation.framework in Frameworks */ = {isa = PBXBuildFile; fileRef = 7721C55718AEFA4200DA4846 /* Foundation.framework */; };
		7721C55A18AEFA4200DA4846 /* CoreGraphics.framework in Frameworks */ = {isa = PBXBuildFile; fileRef = 7721C55918AEFA4200DA4846 /* CoreGraphics.framework */; };
		7721C55C18AEFA4200DA4846 /* UIKit.framework in Frameworks */ = {isa = PBXBuildFile; fileRef = 7721C55B18AEFA4200DA4846 /* UIKit.framework */; };
		7721C56218AEFA4200DA4846 /* InfoPlist.strings in Resources */ = {isa = PBXBuildFile; fileRef = 7721C56018AEFA4200DA4846 /* InfoPlist.strings */; };
		7721C56418AEFA4200DA4846 /* main.m in Sources */ = {isa = PBXBuildFile; fileRef = 7721C56318AEFA4200DA4846 /* main.m */; };
		7721C56818AEFA4200DA4846 /* T3AppDelegate.m in Sources */ = {isa = PBXBuildFile; fileRef = 7721C56718AEFA4200DA4846 /* T3AppDelegate.m */; };
		7721C56B18AEFA4200DA4846 /* Main.storyboard in Resources */ = {isa = PBXBuildFile; fileRef = 7721C56918AEFA4200DA4846 /* Main.storyboard */; };
		7721C56E18AEFA4200DA4846 /* T3ViewController.m in Sources */ = {isa = PBXBuildFile; fileRef = 7721C56D18AEFA4200DA4846 /* T3ViewController.m */; };
		7721C57018AEFA4200DA4846 /* Images.xcassets in Resources */ = {isa = PBXBuildFile; fileRef = 7721C56F18AEFA4200DA4846 /* Images.xcassets */; };
		7721C57718AEFA4200DA4846 /* XCTest.framework in Frameworks */ = {isa = PBXBuildFile; fileRef = 7721C57618AEFA4200DA4846 /* XCTest.framework */; };
		7721C57818AEFA4200DA4846 /* Foundation.framework in Frameworks */ = {isa = PBXBuildFile; fileRef = 7721C55718AEFA4200DA4846 /* Foundation.framework */; };
		7721C57918AEFA4200DA4846 /* UIKit.framework in Frameworks */ = {isa = PBXBuildFile; fileRef = 7721C55B18AEFA4200DA4846 /* UIKit.framework */; };
		7721C58118AEFA4200DA4846 /* InfoPlist.strings in Resources */ = {isa = PBXBuildFile; fileRef = 7721C57F18AEFA4200DA4846 /* InfoPlist.strings */; };
		7721C58318AEFA4200DA4846 /* T3TretoTests.m in Sources */ = {isa = PBXBuildFile; fileRef = 7721C58218AEFA4200DA4846 /* T3TretoTests.m */; };
		7721C58E18AF68A400DA4846 /* T3ImageDownloader.m in Sources */ = {isa = PBXBuildFile; fileRef = 7721C58D18AF68A400DA4846 /* T3ImageDownloader.m */; };
/* End PBXBuildFile section */

/* Begin PBXContainerItemProxy section */
		7721C57A18AEFA4200DA4846 /* PBXContainerItemProxy */ = {
			isa = PBXContainerItemProxy;
			containerPortal = 7721C54C18AEFA4200DA4846 /* Project object */;
			proxyType = 1;
			remoteGlobalIDString = 7721C55318AEFA4200DA4846;
			remoteInfo = T3Treto;
		};
/* End PBXContainerItemProxy section */

/* Begin PBXFileReference section */
		7721C55418AEFA4200DA4846 /* T3Treto.app */ = {isa = PBXFileReference; explicitFileType = wrapper.application; includeInIndex = 0; path = T3Treto.app; sourceTree = BUILT_PRODUCTS_DIR; };
		7721C55718AEFA4200DA4846 /* Foundation.framework */ = {isa = PBXFileReference; lastKnownFileType = wrapper.framework; name = Foundation.framework; path = System/Library/Frameworks/Foundation.framework; sourceTree = SDKROOT; };
		7721C55918AEFA4200DA4846 /* CoreGraphics.framework */ = {isa = PBXFileReference; lastKnownFileType = wrapper.framework; name = CoreGraphics.framework; path = System/Library/Frameworks/CoreGraphics.framework; sourceTree = SDKROOT; };
		7721C55B18AEFA4200DA4846 /* UIKit.framework */ = {isa = PBXFileReference; lastKnownFileType = wrapper.framework; name = UIKit.framework; path = System/Library/Frameworks/UIKit.framework; sourceTree = SDKROOT; };
		7721C55F18AEFA4200DA4846 /* T3Treto-Info.plist */ = {isa = PBXFileReference; lastKnownFileType = text.plist.xml; path = "T3Treto-Info.plist"; sourceTree = "<group>"; };
		7721C56118AEFA4200DA4846 /* en */ = {isa = PBXFileReference; lastKnownFileType = text.plist.strings; name = en; path = en.lproj/InfoPlist.strings; sourceTree = "<group>"; };
		7721C56318AEFA4200DA4846 /* main.m */ = {isa = PBXFileReference; lastKnownFileType = sourcecode.c.objc; path = main.m; sourceTree = "<group>"; };
		7721C56518AEFA4200DA4846 /* T3Treto-Prefix.pch */ = {isa = PBXFileReference; lastKnownFileType = sourcecode.c.h; path = "T3Treto-Prefix.pch"; sourceTree = "<group>"; };
		7721C56618AEFA4200DA4846 /* T3AppDelegate.h */ = {isa = PBXFileReference; lastKnownFileType = sourcecode.c.h; path = T3AppDelegate.h; sourceTree = "<group>"; };
		7721C56718AEFA4200DA4846 /* T3AppDelegate.m */ = {isa = PBXFileReference; lastKnownFileType = sourcecode.c.objc; path = T3AppDelegate.m; sourceTree = "<group>"; };
		7721C56A18AEFA4200DA4846 /* Base */ = {isa = PBXFileReference; lastKnownFileType = file.storyboard; name = Base; path = Base.lproj/Main.storyboard; sourceTree = "<group>"; };
		7721C56C18AEFA4200DA4846 /* T3ViewController.h */ = {isa = PBXFileReference; lastKnownFileType = sourcecode.c.h; path = T3ViewController.h; sourceTree = "<group>"; };
		7721C56D18AEFA4200DA4846 /* T3ViewController.m */ = {isa = PBXFileReference; lastKnownFileType = sourcecode.c.objc; path = T3ViewController.m; sourceTree = "<group>"; };
		7721C56F18AEFA4200DA4846 /* Images.xcassets */ = {isa = PBXFileReference; lastKnownFileType = folder.assetcatalog; path = Images.xcassets; sourceTree = "<group>"; };
		7721C57518AEFA4200DA4846 /* T3TretoTests.xctest */ = {isa = PBXFileReference; explicitFileType = wrapper.cfbundle; includeInIndex = 0; path = T3TretoTests.xctest; sourceTree = BUILT_PRODUCTS_DIR; };
		7721C57618AEFA4200DA4846 /* XCTest.framework */ = {isa = PBXFileReference; lastKnownFileType = wrapper.framework; name = XCTest.framework; path = Library/Frameworks/XCTest.framework; sourceTree = DEVELOPER_DIR; };
		7721C57E18AEFA4200DA4846 /* T3TretoTests-Info.plist */ = {isa = PBXFileReference; lastKnownFileType = text.plist.xml; path = "T3TretoTests-Info.plist"; sourceTree = "<group>"; };
		7721C58018AEFA4200DA4846 /* en */ = {isa = PBXFileReference; lastKnownFileType = text.plist.strings; name = en; path = en.lproj/InfoPlist.strings; sourceTree = "<group>"; };
		7721C58218AEFA4200DA4846 /* T3TretoTests.m */ = {isa = PBXFileReference; lastKnownFileType = sourcecode.c.objc; path = T3TretoTests.m; sourceTree = "<group>"; };
		7721C58C18AF68A400DA4846 /* T3ImageDownloader.h */ = {isa = PBXFileReference; fileEncoding = 4; lastKnownFileType = sourcecode.c.h; path = T3ImageDownloader.h; sourceTree = "<group>"; };
		7721C58D18AF68A400DA4846 /* T3ImageDownloader.m */ = {isa = PBXFileReference; fileEncoding = 4; lastKnownFileType = sourcecode.c.objc; path = T3ImageDownloader.m; sourceTree = "<group>"; };
/* End PBXFileReference section */

/* Begin PBXFrameworksBuildPhase section */
		7721C55118AEFA4200DA4846 /* Frameworks */ = {
			isa = PBXFrameworksBuildPhase;
			buildActionMask = 2147483647;
			files = (
				7721C55A18AEFA4200DA4846 /* CoreGraphics.framework in Frameworks */,
				7721C55C18AEFA4200DA4846 /* UIKit.framework in Frameworks */,
				7721C55818AEFA4200DA4846 /* Foundation.framework in Frameworks */,
			);
			runOnlyForDeploymentPostprocessing = 0;
		};
		7721C57218AEFA4200DA4846 /* Frameworks */ = {
			isa = PBXFrameworksBuildPhase;
			buildActionMask = 2147483647;
			files = (
				7721C57718AEFA4200DA4846 /* XCTest.framework in Frameworks */,
				7721C57918AEFA4200DA4846 /* UIKit.framework in Frameworks */,
				7721C57818AEFA4200DA4846 /* Foundation.framework in Frameworks */,
			);
			runOnlyForDeploymentPostprocessing = 0;
		};
/* End PBXFrameworksBuildPhase section */

/* Begin PBXGroup section */
		7721C54B18AEFA4200DA4846 = {
			isa = PBXGroup;
			children = (
				7721C55D18AEFA4200DA4846 /* T3Treto */,
				7721C57C18AEFA4200DA4846 /* T3TretoTests */,
				7721C55618AEFA4200DA4846 /* Frameworks */,
				7721C55518AEFA4200DA4846 /* Products */,
			);
			sourceTree = "<group>";
		};
		7721C55518AEFA4200DA4846 /* Products */ = {
			isa = PBXGroup;
			children = (
				7721C55418AEFA4200DA4846 /* T3Treto.app */,
				7721C57518AEFA4200DA4846 /* T3TretoTests.xctest */,
			);
			name = Products;
			sourceTree = "<group>";
		};
		7721C55618AEFA4200DA4846 /* Frameworks */ = {
			isa = PBXGroup;
			children = (
				7721C55718AEFA4200DA4846 /* Foundation.framework */,
				7721C55918AEFA4200DA4846 /* CoreGraphics.framework */,
				7721C55B18AEFA4200DA4846 /* UIKit.framework */,
				7721C57618AEFA4200DA4846 /* XCTest.framework */,
			);
			name = Frameworks;
			sourceTree = "<group>";
		};
		7721C55D18AEFA4200DA4846 /* T3Treto */ = {
			isa = PBXGroup;
			children = (
				7721C56618AEFA4200DA4846 /* T3AppDelegate.h */,
				7721C56718AEFA4200DA4846 /* T3AppDelegate.m */,
				7721C56918AEFA4200DA4846 /* Main.storyboard */,
				7721C56C18AEFA4200DA4846 /* T3ViewController.h */,
				7721C56D18AEFA4200DA4846 /* T3ViewController.m */,
				7721C58C18AF68A400DA4846 /* T3ImageDownloader.h */,
				7721C58D18AF68A400DA4846 /* T3ImageDownloader.m */,
				7721C56F18AEFA4200DA4846 /* Images.xcassets */,
				7721C55E18AEFA4200DA4846 /* Supporting Files */,
			);
			path = T3Treto;
			sourceTree = "<group>";
		};
		7721C55E18AEFA4200DA4846 /* Supporting Files */ = {
			isa = PBXGroup;
			children = (
				7721C55F18AEFA4200DA4846 /* T3Treto-Info.plist */,
				7721C56018AEFA4200DA4846 /* InfoPlist.strings */,
				7721C56318AEFA4200DA4846 /* main.m */,
				7721C56518AEFA4200DA4846 /* T3Treto-Prefix.pch */,
			);
			name = "Supporting Files";
			sourceTree = "<group>";
		};
		7721C57C18AEFA4200DA4846 /* T3TretoTests */ = {
			isa = PBXGroup;
			children = (
				7721C58218AEFA4200DA4846 /* T3TretoTests.m */,
				7721C57D18AEFA4200DA4846 /* Supporting Files */,
			);
			path = T3TretoTests;
			sourceTree = "<group>";
		};
		7721C57D18AEFA4200DA4846 /* Supporting Files */ = {
			isa = PBXGroup;
			children = (
				7721C57E18AEFA4200DA4846 /* T3TretoTests-Info.plist */,
				7721C57F18AEFA4200DA4846 /* InfoPlist.strings */,
			);
			name = "Supporting Files";
			sourceTree = "<group>";
		};
/* End PBXGroup section */

/* Begin PBXNativeTarget section */
		7721C55318AEFA4200DA4846 /* T3Treto */ = {
			isa = PBXNativeTarget;
			buildConfigurationList = 7721C58618AEFA4200DA4846 /* Build configuration list for PBXNativeTarget "T3Treto" */;
			buildPhases = (
				7721C55018AEFA4200DA4846 /* Sources */,
				7721C55118AEFA4200DA4846 /* Frameworks */,
				7721C55218AEFA4200DA4846 /* Resources */,
			);
			buildRules = (
			);
			dependencies = (
			);
			name = T3Treto;
			productName = T3Treto;
			productReference = 7721C55418AEFA4200DA4846 /* T3Treto.app */;
			productType = "com.apple.product-type.application";
		};
		7721C57418AEFA4200DA4846 /* T3TretoTests */ = {
			isa = PBXNativeTarget;
			buildConfigurationList = 7721C58918AEFA4200DA4846 /* Build configuration list for PBXNativeTarget "T3TretoTests" */;
			buildPhases = (
				7721C57118AEFA4200DA4846 /* Sources */,
				7721C57218AEFA4200DA4846 /* Frameworks */,
				7721C57318AEFA4200DA4846 /* Resources */,
			);
			buildRules = (
			);
			dependencies = (
				7721C57B18AEFA4200DA4846 /* PBXTargetDependency */,
			);
			name = T3TretoTests;
			productName = T3TretoTests;
			productReference = 7721C57518AEFA4200DA4846 /* T3TretoTests.xctest */;
			productType = "com.apple.product-type.bundle.unit-test";
		};
/* End PBXNativeTarget section */

/* Begin PBXProject section */
		7721C54C18AEFA4200DA4846 /* Project object */ = {
			isa = PBXProject;
			attributes = {
				CLASSPREFIX = T3;
				LastUpgradeCheck = 0500;
				ORGANIZATIONNAME = "Alexey Boyko";
				TargetAttributes = {
					7721C57418AEFA4200DA4846 = {
						TestTargetID = 7721C55318AEFA4200DA4846;
					};
				};
			};
			buildConfigurationList = 7721C54F18AEFA4200DA4846 /* Build configuration list for PBXProject "T3Treto" */;
			compatibilityVersion = "Xcode 3.2";
			developmentRegion = English;
			hasScannedForEncodings = 0;
			knownRegions = (
				en,
				Base,
			);
			mainGroup = 7721C54B18AEFA4200DA4846;
			productRefGroup = 7721C55518AEFA4200DA4846 /* Products */;
			projectDirPath = "";
			projectRoot = "";
			targets = (
				7721C55318AEFA4200DA4846 /* T3Treto */,
				7721C57418AEFA4200DA4846 /* T3TretoTests */,
			);
		};
/* End PBXProject section */

/* Begin PBXResourcesBuildPhase section */
		7721C55218AEFA4200DA4846 /* Resources */ = {
			isa = PBXResourcesBuildPhase;
			buildActionMask = 2147483647;
			files = (
				7721C57018AEFA4200DA4846 /* Images.xcassets in Resources */,
				7721C56218AEFA4200DA4846 /* InfoPlist.strings in Resources */,
				7721C56B18AEFA4200DA4846 /* Main.storyboard in Resources */,
			);
			runOnlyForDeploymentPostprocessing = 0;
		};
		7721C57318AEFA4200DA4846 /* Resources */ = {
			isa = PBXResourcesBuildPhase;
			buildActionMask = 2147483647;
			files = (
				7721C58118AEFA4200DA4846 /* InfoPlist.strings in Resources */,
			);
			runOnlyForDeploymentPostprocessing = 0;
		};
/* End PBXResourcesBuildPhase section */

/* Begin PBXSourcesBuildPhase section */
		7721C55018AEFA4200DA4846 /* Sources */ = {
			isa = PBXSourcesBuildPhase;
			buildActionMask = 2147483647;
			files = (
				7721C56E18AEFA4200DA4846 /* T3ViewController.m in Sources */,
				7721C56418AEFA4200DA4846 /* main.m in Sources */,
				7721C56818AEFA4200DA4846 /* T3AppDelegate.m in Sources */,
				7721C58E18AF68A400DA4846 /* T3ImageDownloader.m in Sources */,
			);
			runOnlyForDeploymentPostprocessing = 0;
		};
		7721C57118AEFA4200DA4846 /* Sources */ = {
			isa = PBXSourcesBuildPhase;
			buildActionMask = 2147483647;
			files = (
				7721C58318AEFA4200DA4846 /* T3TretoTests.m in Sources */,
			);
			runOnlyForDeploymentPostprocessing = 0;
		};
/* End PBXSourcesBuildPhase section */

/* Begin PBXTargetDependency section */
		7721C57B18AEFA4200DA4846 /* PBXTargetDependency */ = {
			isa = PBXTargetDependency;
			target = 7721C55318AEFA4200DA4846 /* T3Treto */;
			targetProxy = 7721C57A18AEFA4200DA4846 /* PBXContainerItemProxy */;
		};
/* End PBXTargetDependency section */

/* Begin PBXVariantGroup section */
		7721C56018AEFA4200DA4846 /* InfoPlist.strings */ = {
			isa = PBXVariantGroup;
			children = (
				7721C56118AEFA4200DA4846 /* en */,
			);
			name = InfoPlist.strings;
			sourceTree = "<group>";
		};
		7721C56918AEFA4200DA4846 /* Main.storyboard */ = {
			isa = PBXVariantGroup;
			children = (
				7721C56A18AEFA4200DA4846 /* Base */,
			);
			name = Main.storyboard;
			sourceTree = "<group>";
		};
		7721C57F18AEFA4200DA4846 /* InfoPlist.strings */ = {
			isa = PBXVariantGroup;
			children = (
				7721C58018AEFA4200DA4846 /* en */,
			);
			name = InfoPlist.strings;
			sourceTree = "<group>";
		};
/* End PBXVariantGroup section */

/* Begin XCBuildConfiguration section */
		7721C58418AEFA4200DA4846 /* Debug */ = {
			isa = XCBuildConfiguration;
			buildSettings = {
				ALWAYS_SEARCH_USER_PATHS = NO;
				ARCHS = "$(ARCHS_STANDARD_INCLUDING_64_BIT)";
				CLANG_CXX_LANGUAGE_STANDARD = "gnu++0x";
				CLANG_CXX_LIBRARY = "libc++";
				CLANG_ENABLE_MODULES = YES;
				CLANG_ENABLE_OBJC_ARC = YES;
				CLANG_WARN_BOOL_CONVERSION = YES;
				CLANG_WARN_CONSTANT_CONVERSION = YES;
				CLANG_WARN_DIRECT_OBJC_ISA_USAGE = YES_ERROR;
				CLANG_WARN_EMPTY_BODY = YES;
				CLANG_WARN_ENUM_CONVERSION = YES;
				CLANG_WARN_INT_CONVERSION = YES;
				CLANG_WARN_OBJC_ROOT_CLASS = YES_ERROR;
				CLANG_WARN__DUPLICATE_METHOD_MATCH = YES;
				"CODE_SIGN_IDENTITY[sdk=iphoneos*]" = "iPhone Developer";
				COPY_PHASE_STRIP = NO;
				GCC_C_LANGUAGE_STANDARD = gnu99;
				GCC_DYNAMIC_NO_PIC = NO;
				GCC_OPTIMIZATION_LEVEL = 0;
				GCC_PREPROCESSOR_DEFINITIONS = (
					"DEBUG=1",
					"$(inherited)",
				);
				GCC_SYMBOLS_PRIVATE_EXTERN = NO;
				GCC_WARN_64_TO_32_BIT_CONVERSION = YES;
				GCC_WARN_ABOUT_RETURN_TYPE = YES_ERROR;
				GCC_WARN_UNDECLARED_SELECTOR = YES;
				GCC_WARN_UNINITIALIZED_AUTOS = YES;
				GCC_WARN_UNUSED_FUNCTION = YES;
				GCC_WARN_UNUSED_VARIABLE = YES;
				IPHONEOS_DEPLOYMENT_TARGET = 7.0;
				ONLY_ACTIVE_ARCH = YES;
				SDKROOT = iphoneos;
				TARGETED_DEVICE_FAMILY = 2;
			};
			name = Debug;
		};
		7721C58518AEFA4200DA4846 /* Release */ = {
			isa = XCBuildConfiguration;
			buildSettings = {
				ALWAYS_SEARCH_USER_PATHS = NO;
				ARCHS = "$(ARCHS_STANDARD_INCLUDING_64_BIT)";
				CLANG_CXX_LANGUAGE_STANDARD = "gnu++0x";
				CLANG_CXX_LIBRARY = "libc++";
				CLANG_ENABLE_MODULES = YES;
				CLANG_ENABLE_OBJC_ARC = YES;
				CLANG_WARN_BOOL_CONVERSION = YES;
				CLANG_WARN_CONSTANT_CONVERSION = YES;
				CLANG_WARN_DIRECT_OBJC_ISA_USAGE = YES_ERROR;
				CLANG_WARN_EMPTY_BODY = YES;
				CLANG_WARN_ENUM_CONVERSION = YES;
				CLANG_WARN_INT_CONVERSION = YES;
				CLANG_WARN_OBJC_ROOT_CLASS = YES_ERROR;
				CLANG_WARN__DUPLICATE_METHOD_MATCH = YES;
				"CODE_SIGN_IDENTITY[sdk=iphoneos*]" = "iPhone Developer";
				COPY_PHASE_STRIP = YES;
				ENABLE_NS_ASSERTIONS = NO;
				GCC_C_LANGUAGE_STANDARD = gnu99;
				GCC_WARN_64_TO_32_BIT_CONVERSION = YES;
				GCC_WARN_ABOUT_RETURN_TYPE = YES_ERROR;
				GCC_WARN_UNDECLARED_SELECTOR = YES;
				GCC_WARN_UNINITIALIZED_AUTOS = YES;
				GCC_WARN_UNUSED_FUNCTION = YES;
				GCC_WARN_UNUSED_VARIABLE = YES;
				IPHONEOS_DEPLOYMENT_TARGET = 7.0;
				SDKROOT = iphoneos;
				TARGETED_DEVICE_FAMILY = 2;
				VALIDATE_PRODUCT = YES;
			};
			name = Release;
		};
		7721C58718AEFA4200DA4846 /* Debug */ = {
			isa = XCBuildConfiguration;
			buildSettings = {
				ASSETCATALOG_COMPILER_APPICON_NAME = AppIcon;
				ASSETCATALOG_COMPILER_LAUNCHIMAGE_NAME = LaunchImage;
				GCC_PRECOMPILE_PREFIX_HEADER = YES;
				GCC_PREFIX_HEADER = "T3Treto/T3Treto-Prefix.pch";
				INFOPLIST_FILE = "T3Treto/T3Treto-Info.plist";
				PRODUCT_NAME = "$(TARGET_NAME)";
				WRAPPER_EXTENSION = app;
			};
			name = Debug;
		};
		7721C58818AEFA4200DA4846 /* Release */ = {
			isa = XCBuildConfiguration;
			buildSettings = {
				ASSETCATALOG_COMPILER_APPICON_NAME = AppIcon;
				ASSETCATALOG_COMPILER_LAUNCHIMAGE_NAME = LaunchImage;
				GCC_PRECOMPILE_PREFIX_HEADER = YES;
				GCC_PREFIX_HEADER = "T3Treto/T3Treto-Prefix.pch";
				INFOPLIST_FILE = "T3Treto/T3Treto-Info.plist";
				PRODUCT_NAME = "$(TARGET_NAME)";
				WRAPPER_EXTENSION = app;
			};
			name = Release;
		};
		7721C58A18AEFA4200DA4846 /* Debug */ = {
			isa = XCBuildConfiguration;
			buildSettings = {
				ARCHS = "$(ARCHS_STANDARD_INCLUDING_64_BIT)";
				BUNDLE_LOADER = "$(BUILT_PRODUCTS_DIR)/T3Treto.app/T3Treto";
				FRAMEWORK_SEARCH_PATHS = (
					"$(SDKROOT)/Developer/Library/Frameworks",
					"$(inherited)",
					"$(DEVELOPER_FRAMEWORKS_DIR)",
				);
				GCC_PRECOMPILE_PREFIX_HEADER = YES;
				GCC_PREFIX_HEADER = "T3Treto/T3Treto-Prefix.pch";
				GCC_PREPROCESSOR_DEFINITIONS = (
					"DEBUG=1",
					"$(inherited)",
				);
				INFOPLIST_FILE = "T3TretoTests/T3TretoTests-Info.plist";
				PRODUCT_NAME = "$(TARGET_NAME)";
				TEST_HOST = "$(BUNDLE_LOADER)";
				WRAPPER_EXTENSION = xctest;
			};
			name = Debug;
		};
		7721C58B18AEFA4200DA4846 /* Release */ = {
			isa = XCBuildConfiguration;
			buildSettings = {
				ARCHS = "$(ARCHS_STANDARD_INCLUDING_64_BIT)";
				BUNDLE_LOADER = "$(BUILT_PRODUCTS_DIR)/T3Treto.app/T3Treto";
				FRAMEWORK_SEARCH_PATHS = (
					"$(SDKROOT)/Developer/Library/Frameworks",
					"$(inherited)",
					"$(DEVELOPER_FRAMEWORKS_DIR)",
				);
				GCC_PRECOMPILE_PREFIX_HEADER = YES;
				GCC_PREFIX_HEADER = "T3Treto/T3Treto-Prefix.pch";
				INFOPLIST_FILE = "T3TretoTests/T3TretoTests-Info.plist";
				PRODUCT_NAME = "$(TARGET_NAME)";
				TEST_HOST = "$(BUNDLE_LOADER)";
				WRAPPER_EXTENSION = xctest;
			};
			name = Release;
		};
/* End XCBuildConfiguration section */

/* Begin XCConfigurationList section */
		7721C54F18AEFA4200DA4846 /* Build configuration list for PBXProject "T3Treto" */ = {
			isa = XCConfigurationList;
			buildConfigurations = (
				7721C58418AEFA4200DA4846 /* Debug */,
				7721C58518AEFA4200DA4846 /* Release */,
			);
			defaultConfigurationIsVisible = 0;
			defaultConfigurationName = Release;
		};
		7721C58618AEFA4200DA4846 /* Build configuration list for PBXNativeTarget "T3Treto" */ = {
			isa = XCConfigurationList;
			buildConfigurations = (
				7721C58718AEFA4200DA4846 /* Debug */,
				7721C58818AEFA4200DA4846 /* Release */,
			);
			defaultConfigurationIsVisible = 0;
		};
		7721C58918AEFA4200DA4846 /* Build configuration list for PBXNativeTarget "T3TretoTests" */ = {
			isa = XCConfigurationList;
			buildConfigurations = (
				7721C58A18AEFA4200DA4846 /* Debug */,
				7721C58B18AEFA4200DA4846 /* Release */,
			);
			defaultConfigurationIsVisible = 0;
		};
/* End XCConfigurationList section */
	};
	rootObject = 7721C54C18AEFA4200DA4846 /* Project object */;
}
